// !$*UTF8*$!
{
	archiveVersion = 1;
	classes = {
	};
	objectVersion = 46;
	objects = {

/* Begin PBXBuildFile section */
		EA55522A169E21CF00F06575 /* carlotFactory.m in Sources */ = {isa = PBXBuildFile; fileRef = EA555229169E21CF00F06575 /* carlotFactory.m */; };
		EA55522D169E220100F06575 /* baseCarlot.m in Sources */ = {isa = PBXBuildFile; fileRef = EA55522C169E220100F06575 /* baseCarlot.m */; };
		EA555230169E230800F06575 /* economyCarlot.m in Sources */ = {isa = PBXBuildFile; fileRef = EA55522F169E230800F06575 /* economyCarlot.m */; };
		EA555233169E237100F06575 /* raceCarlot.m in Sources */ = {isa = PBXBuildFile; fileRef = EA555232169E237100F06575 /* raceCarlot.m */; };
		EA555236169E23B600F06575 /* luxuryCarlot.m in Sources */ = {isa = PBXBuildFile; fileRef = EA555235169E23B600F06575 /* luxuryCarlot.m */; };
		EA914B6B16A853C0003C0242 /* SecondView.xib in Resources */ = {isa = PBXBuildFile; fileRef = EA914B6A16A853C0003C0242 /* SecondView.xib */; };
		EA914B6E16A85ADD003C0242 /* SecondViewController.m in Sources */ = {isa = PBXBuildFile; fileRef = EA914B6D16A85ADD003C0242 /* SecondViewController.m */; };
		EAE89FF2169CE9F20043D033 /* UIKit.framework in Frameworks */ = {isa = PBXBuildFile; fileRef = EAE89FF1169CE9F20043D033 /* UIKit.framework */; };
		EAE89FF4169CE9F20043D033 /* Foundation.framework in Frameworks */ = {isa = PBXBuildFile; fileRef = EAE89FF3169CE9F20043D033 /* Foundation.framework */; };
		EAE89FF6169CE9F20043D033 /* CoreGraphics.framework in Frameworks */ = {isa = PBXBuildFile; fileRef = EAE89FF5169CE9F20043D033 /* CoreGraphics.framework */; };
		EAE89FFC169CE9F20043D033 /* InfoPlist.strings in Resources */ = {isa = PBXBuildFile; fileRef = EAE89FFA169CE9F20043D033 /* InfoPlist.strings */; };
		EAE89FFE169CE9F20043D033 /* main.m in Sources */ = {isa = PBXBuildFile; fileRef = EAE89FFD169CE9F20043D033 /* main.m */; };
		EAE8A002169CE9F20043D033 /* AppDelegate.m in Sources */ = {isa = PBXBuildFile; fileRef = EAE8A001169CE9F20043D033 /* AppDelegate.m */; };
		EAE8A004169CE9F30043D033 /* Default.png in Resources */ = {isa = PBXBuildFile; fileRef = EAE8A003169CE9F20043D033 /* Default.png */; };
		EAE8A006169CE9F30043D033 /* Default@2x.png in Resources */ = {isa = PBXBuildFile; fileRef = EAE8A005169CE9F30043D033 /* Default@2x.png */; };
		EAE8A008169CE9F30043D033 /* Default-568h@2x.png in Resources */ = {isa = PBXBuildFile; fileRef = EAE8A007169CE9F30043D033 /* Default-568h@2x.png */; };
		EAE8A00B169CE9F30043D033 /* ViewController.m in Sources */ = {isa = PBXBuildFile; fileRef = EAE8A00A169CE9F30043D033 /* ViewController.m */; };
		EAE8A00E169CE9F30043D033 /* ViewController.xib in Resources */ = {isa = PBXBuildFile; fileRef = EAE8A00C169CE9F30043D033 /* ViewController.xib */; };
/* End PBXBuildFile section */

/* Begin PBXFileReference section */
		EA555228169E21CF00F06575 /* carlotFactory.h */ = {isa = PBXFileReference; fileEncoding = 4; lastKnownFileType = sourcecode.c.h; path = carlotFactory.h; sourceTree = "<group>"; };
		EA555229169E21CF00F06575 /* carlotFactory.m */ = {isa = PBXFileReference; fileEncoding = 4; lastKnownFileType = sourcecode.c.objc; path = carlotFactory.m; sourceTree = "<group>"; };
		EA55522B169E220100F06575 /* baseCarlot.h */ = {isa = PBXFileReference; fileEncoding = 4; lastKnownFileType = sourcecode.c.h; path = baseCarlot.h; sourceTree = "<group>"; };
		EA55522C169E220100F06575 /* baseCarlot.m */ = {isa = PBXFileReference; fileEncoding = 4; lastKnownFileType = sourcecode.c.objc; path = baseCarlot.m; sourceTree = "<group>"; };
		EA55522E169E230800F06575 /* economyCarlot.h */ = {isa = PBXFileReference; fileEncoding = 4; lastKnownFileType = sourcecode.c.h; path = economyCarlot.h; sourceTree = "<group>"; };
		EA55522F169E230800F06575 /* economyCarlot.m */ = {isa = PBXFileReference; fileEncoding = 4; lastKnownFileType = sourcecode.c.objc; path = economyCarlot.m; sourceTree = "<group>"; };
		EA555231169E237100F06575 /* raceCarlot.h */ = {isa = PBXFileReference; fileEncoding = 4; lastKnownFileType = sourcecode.c.h; path = raceCarlot.h; sourceTree = "<group>"; };
		EA555232169E237100F06575 /* raceCarlot.m */ = {isa = PBXFileReference; fileEncoding = 4; lastKnownFileType = sourcecode.c.objc; path = raceCarlot.m; sourceTree = "<group>"; };
		EA555234169E23B600F06575 /* luxuryCarlot.h */ = {isa = PBXFileReference; fileEncoding = 4; lastKnownFileType = sourcecode.c.h; path = luxuryCarlot.h; sourceTree = "<group>"; };
		EA555235169E23B600F06575 /* luxuryCarlot.m */ = {isa = PBXFileReference; fileEncoding = 4; lastKnownFileType = sourcecode.c.objc; path = luxuryCarlot.m; sourceTree = "<group>"; };
		EA914B6A16A853C0003C0242 /* SecondView.xib */ = {isa = PBXFileReference; fileEncoding = 4; lastKnownFileType = file.xib; path = SecondView.xib; sourceTree = "<group>"; };
		EA914B6C16A85ADD003C0242 /* SecondViewController.h */ = {isa = PBXFileReference; fileEncoding = 4; lastKnownFileType = sourcecode.c.h; path = SecondViewController.h; sourceTree = "<group>"; };
		EA914B6D16A85ADD003C0242 /* SecondViewController.m */ = {isa = PBXFileReference; fileEncoding = 4; lastKnownFileType = sourcecode.c.objc; path = SecondViewController.m; sourceTree = "<group>"; };
		EAE89FED169CE9F20043D033 /* FirstClass.app */ = {isa = PBXFileReference; explicitFileType = wrapper.application; includeInIndex = 0; path = FirstClass.app; sourceTree = BUILT_PRODUCTS_DIR; };
		EAE89FF1169CE9F20043D033 /* UIKit.framework */ = {isa = PBXFileReference; lastKnownFileType = wrapper.framework; name = UIKit.framework; path = System/Library/Frameworks/UIKit.framework; sourceTree = SDKROOT; };
		EAE89FF3169CE9F20043D033 /* Foundation.framework */ = {isa = PBXFileReference; lastKnownFileType = wrapper.framework; name = Foundation.framework; path = System/Library/Frameworks/Foundation.framework; sourceTree = SDKROOT; };
		EAE89FF5169CE9F20043D033 /* CoreGraphics.framework */ = {isa = PBXFileReference; lastKnownFileType = wrapper.framework; name = CoreGraphics.framework; path = System/Library/Frameworks/CoreGraphics.framework; sourceTree = SDKROOT; };
		EAE89FF9169CE9F20043D033 /* FirstClass-Info.plist */ = {isa = PBXFileReference; lastKnownFileType = text.plist.xml; path = "FirstClass-Info.plist"; sourceTree = "<group>"; };
		EAE89FFB169CE9F20043D033 /* en */ = {isa = PBXFileReference; lastKnownFileType = text.plist.strings; name = en; path = en.lproj/InfoPlist.strings; sourceTree = "<group>"; };
		EAE89FFD169CE9F20043D033 /* main.m */ = {isa = PBXFileReference; lastKnownFileType = sourcecode.c.objc; path = main.m; sourceTree = "<group>"; };
		EAE89FFF169CE9F20043D033 /* FirstClass-Prefix.pch */ = {isa = PBXFileReference; lastKnownFileType = sourcecode.c.h; path = "FirstClass-Prefix.pch"; sourceTree = "<group>"; };
		EAE8A000169CE9F20043D033 /* AppDelegate.h */ = {isa = PBXFileReference; lastKnownFileType = sourcecode.c.h; path = AppDelegate.h; sourceTree = "<group>"; };
		EAE8A001169CE9F20043D033 /* AppDelegate.m */ = {isa = PBXFileReference; lastKnownFileType = sourcecode.c.objc; path = AppDelegate.m; sourceTree = "<group>"; };
		EAE8A003169CE9F20043D033 /* Default.png */ = {isa = PBXFileReference; lastKnownFileType = image.png; path = Default.png; sourceTree = "<group>"; };
		EAE8A005169CE9F30043D033 /* Default@2x.png */ = {isa = PBXFileReference; lastKnownFileType = image.png; path = "Default@2x.png"; sourceTree = "<group>"; };
		EAE8A007169CE9F30043D033 /* Default-568h@2x.png */ = {isa = PBXFileReference; lastKnownFileType = image.png; path = "Default-568h@2x.png"; sourceTree = "<group>"; };
		EAE8A009169CE9F30043D033 /* ViewController.h */ = {isa = PBXFileReference; lastKnownFileType = sourcecode.c.h; path = ViewController.h; sourceTree = "<group>"; };
		EAE8A00A169CE9F30043D033 /* ViewController.m */ = {isa = PBXFileReference; lastKnownFileType = sourcecode.c.objc; path = ViewController.m; sourceTree = "<group>"; };
		EAE8A00D169CE9F30043D033 /* en */ = {isa = PBXFileReference; lastKnownFileType = file.xib; name = en; path = en.lproj/ViewController.xib; sourceTree = "<group>"; };
/* End PBXFileReference section */

/* Begin PBXFrameworksBuildPhase section */
		EAE89FEA169CE9F20043D033 /* Frameworks */ = {
			isa = PBXFrameworksBuildPhase;
			buildActionMask = 2147483647;
			files = (
				EAE89FF2169CE9F20043D033 /* UIKit.framework in Frameworks */,
				EAE89FF4169CE9F20043D033 /* Foundation.framework in Frameworks */,
				EAE89FF6169CE9F20043D033 /* CoreGraphics.framework in Frameworks */,
			);
			runOnlyForDeploymentPostprocessing = 0;
		};
/* End PBXFrameworksBuildPhase section */

/* Begin PBXGroup section */
		EAE89FE2169CE9F20043D033 = {
			isa = PBXGroup;
			children = (
				EAE89FF7169CE9F20043D033 /* FirstClass */,
				EAE89FF0169CE9F20043D033 /* Frameworks */,
				EAE89FEE169CE9F20043D033 /* Products */,
			);
			sourceTree = "<group>";
		};
		EAE89FEE169CE9F20043D033 /* Products */ = {
			isa = PBXGroup;
			children = (
				EAE89FED169CE9F20043D033 /* FirstClass.app */,
			);
			name = Products;
			sourceTree = "<group>";
		};
		EAE89FF0169CE9F20043D033 /* Frameworks */ = {
			isa = PBXGroup;
			children = (
				EAE89FF1169CE9F20043D033 /* UIKit.framework */,
				EAE89FF3169CE9F20043D033 /* Foundation.framework */,
				EAE89FF5169CE9F20043D033 /* CoreGraphics.framework */,
			);
			name = Frameworks;
			sourceTree = "<group>";
		};
		EAE89FF7169CE9F20043D033 /* FirstClass */ = {
			isa = PBXGroup;
			children = (
				EAE8A000169CE9F20043D033 /* AppDelegate.h */,
				EAE8A001169CE9F20043D033 /* AppDelegate.m */,
				EAE8A009169CE9F30043D033 /* ViewController.h */,
				EAE8A00A169CE9F30043D033 /* ViewController.m */,
				EAE8A00C169CE9F30043D033 /* ViewController.xib */,
				EAE89FF8169CE9F20043D033 /* Supporting Files */,
				EA555228169E21CF00F06575 /* carlotFactory.h */,
				EA555229169E21CF00F06575 /* carlotFactory.m */,
				EA55522B169E220100F06575 /* baseCarlot.h */,
				EA55522C169E220100F06575 /* baseCarlot.m */,
				EA55522E169E230800F06575 /* economyCarlot.h */,
				EA55522F169E230800F06575 /* economyCarlot.m */,
				EA555231169E237100F06575 /* raceCarlot.h */,
				EA555232169E237100F06575 /* raceCarlot.m */,
				EA555234169E23B600F06575 /* luxuryCarlot.h */,
				EA555235169E23B600F06575 /* luxuryCarlot.m */,
				EA914B6A16A853C0003C0242 /* SecondView.xib */,
				EA914B6C16A85ADD003C0242 /* SecondViewController.h */,
				EA914B6D16A85ADD003C0242 /* SecondViewController.m */,
			);
			path = FirstClass;
			sourceTree = "<group>";
		};
		EAE89FF8169CE9F20043D033 /* Supporting Files */ = {
			isa = PBXGroup;
			children = (
				EAE89FF9169CE9F20043D033 /* FirstClass-Info.plist */,
				EAE89FFA169CE9F20043D033 /* InfoPlist.strings */,
				EAE89FFD169CE9F20043D033 /* main.m */,
				EAE89FFF169CE9F20043D033 /* FirstClass-Prefix.pch */,
				EAE8A003169CE9F20043D033 /* Default.png */,
				EAE8A005169CE9F30043D033 /* Default@2x.png */,
				EAE8A007169CE9F30043D033 /* Default-568h@2x.png */,
			);
			name = "Supporting Files";
			sourceTree = "<group>";
		};
/* End PBXGroup section */

/* Begin PBXNativeTarget section */
		EAE89FEC169CE9F20043D033 /* FirstClass */ = {
			isa = PBXNativeTarget;
			buildConfigurationList = EAE8A011169CE9F30043D033 /* Build configuration list for PBXNativeTarget "FirstClass" */;
			buildPhases = (
				EAE89FE9169CE9F20043D033 /* Sources */,
				EAE89FEA169CE9F20043D033 /* Frameworks */,
				EAE89FEB169CE9F20043D033 /* Resources */,
			);
			buildRules = (
			);
			dependencies = (
			);
			name = FirstClass;
			productName = FirstClass;
			productReference = EAE89FED169CE9F20043D033 /* FirstClass.app */;
			productType = "com.apple.product-type.application";
		};
/* End PBXNativeTarget section */

/* Begin PBXProject section */
		EAE89FE4169CE9F20043D033 /* Project object */ = {
			isa = PBXProject;
			attributes = {
				LastUpgradeCheck = 0450;
				ORGANIZATIONNAME = "Carol Gaylor";
			};
			buildConfigurationList = EAE89FE7169CE9F20043D033 /* Build configuration list for PBXProject "FirstClass" */;
			compatibilityVersion = "Xcode 3.2";
			developmentRegion = English;
			hasScannedForEncodings = 0;
			knownRegions = (
				en,
			);
			mainGroup = EAE89FE2169CE9F20043D033;
			productRefGroup = EAE89FEE169CE9F20043D033 /* Products */;
			projectDirPath = "";
			projectRoot = "";
			targets = (
				EAE89FEC169CE9F20043D033 /* FirstClass */,
			);
		};
/* End PBXProject section */

/* Begin PBXResourcesBuildPhase section */
		EAE89FEB169CE9F20043D033 /* Resources */ = {
			isa = PBXResourcesBuildPhase;
			buildActionMask = 2147483647;
			files = (
				EAE89FFC169CE9F20043D033 /* InfoPlist.strings in Resources */,
				EAE8A004169CE9F30043D033 /* Default.png in Resources */,
				EAE8A006169CE9F30043D033 /* Default@2x.png in Resources */,
				EAE8A008169CE9F30043D033 /* Default-568h@2x.png in Resources */,
				EAE8A00E169CE9F30043D033 /* ViewController.xib in Resources */,
				EA914B6B16A853C0003C0242 /* SecondView.xib in Resources */,
			);
			runOnlyForDeploymentPostprocessing = 0;
		};
/* End PBXResourcesBuildPhase section */

/* Begin PBXSourcesBuildPhase section */
		EAE89FE9169CE9F20043D033 /* Sources */ = {
			isa = PBXSourcesBuildPhase;
			buildActionMask = 2147483647;
			files = (
				EAE89FFE169CE9F20043D033 /* main.m in Sources */,
				EAE8A002169CE9F20043D033 /* AppDelegate.m in Sources */,
				EAE8A00B169CE9F30043D033 /* ViewController.m in Sources */,
				EA55522A169E21CF00F06575 /* carlotFactory.m in Sources */,
				EA55522D169E220100F06575 /* baseCarlot.m in Sources */,
				EA555230169E230800F06575 /* economyCarlot.m in Sources */,
				EA555233169E237100F06575 /* raceCarlot.m in Sources */,
				EA555236169E23B600F06575 /* luxuryCarlot.m in Sources */,
				EA914B6E16A85ADD003C0242 /* SecondViewController.m in Sources */,
			);
			runOnlyForDeploymentPostprocessing = 0;
		};
/* End PBXSourcesBuildPhase section */

/* Begin PBXVariantGroup section */
		EAE89FFA169CE9F20043D033 /* InfoPlist.strings */ = {
			isa = PBXVariantGroup;
			children = (
				EAE89FFB169CE9F20043D033 /* en */,
			);
			name = InfoPlist.strings;
			sourceTree = "<group>";
		};
		EAE8A00C169CE9F30043D033 /* ViewController.xib */ = {
			isa = PBXVariantGroup;
			children = (
				EAE8A00D169CE9F30043D033 /* en */,
			);
			name = ViewController.xib;
			sourceTree = "<group>";
		};
/* End PBXVariantGroup section */

/* Begin XCBuildConfiguration section */
		EAE8A00F169CE9F30043D033 /* Debug */ = {
			isa = XCBuildConfiguration;
			buildSettings = {
				ALWAYS_SEARCH_USER_PATHS = NO;
				CLANG_CXX_LANGUAGE_STANDARD = "gnu++0x";
				CLANG_CXX_LIBRARY = "libc++";
				CLANG_WARN_EMPTY_BODY = YES;
				CLANG_WARN__DUPLICATE_METHOD_MATCH = YES;
				"CODE_SIGN_IDENTITY[sdk=iphoneos*]" = "iPhone Developer";
				COPY_PHASE_STRIP = NO;
				GCC_C_LANGUAGE_STANDARD = gnu99;
				GCC_DYNAMIC_NO_PIC = NO;
				GCC_OPTIMIZATION_LEVEL = 0;
				GCC_PREPROCESSOR_DEFINITIONS = (
					"DEBUG=1",
					"$(inherited)",
				);
				GCC_SYMBOLS_PRIVATE_EXTERN = NO;
				GCC_WARN_ABOUT_RETURN_TYPE = YES;
				GCC_WARN_UNINITIALIZED_AUTOS = YES;
				GCC_WARN_UNUSED_VARIABLE = YES;
				IPHONEOS_DEPLOYMENT_TARGET = 6.0;
				ONLY_ACTIVE_ARCH = YES;
				SDKROOT = iphoneos;
			};
			name = Debug;
		};
		EAE8A010169CE9F30043D033 /* Release */ = {
			isa = XCBuildConfiguration;
			buildSettings = {
				ALWAYS_SEARCH_USER_PATHS = NO;
				CLANG_CXX_LANGUAGE_STANDARD = "gnu++0x";
				CLANG_CXX_LIBRARY = "libc++";
				CLANG_WARN_EMPTY_BODY = YES;
				CLANG_WARN__DUPLICATE_METHOD_MATCH = YES;
				"CODE_SIGN_IDENTITY[sdk=iphoneos*]" = "iPhone Developer";
				COPY_PHASE_STRIP = YES;
				GCC_C_LANGUAGE_STANDARD = gnu99;
				GCC_WARN_ABOUT_RETURN_TYPE = YES;
				GCC_WARN_UNINITIALIZED_AUTOS = YES;
				GCC_WARN_UNUSED_VARIABLE = YES;
				IPHONEOS_DEPLOYMENT_TARGET = 6.0;
				OTHER_CFLAGS = "-DNS_BLOCK_ASSERTIONS=1";
				SDKROOT = iphoneos;
				VALIDATE_PRODUCT = YES;
			};
			name = Release;
		};
		EAE8A012169CE9F30043D033 /* Debug */ = {
			isa = XCBuildConfiguration;
			buildSettings = {
				CLANG_WARN_OBJCPP_ARC_ABI = NO;
				GCC_PRECOMPILE_PREFIX_HEADER = YES;
				GCC_PREFIX_HEADER = "FirstClass/FirstClass-Prefix.pch";
				INFOPLIST_FILE = "FirstClass/FirstClass-Info.plist";
				PRODUCT_NAME = "$(TARGET_NAME)";
				WRAPPER_EXTENSION = app;
			};
			name = Debug;
		};
		EAE8A013169CE9F30043D033 /* Release */ = {
			isa = XCBuildConfiguration;
			buildSettings = {
				CLANG_WARN_OBJCPP_ARC_ABI = NO;
				GCC_PRECOMPILE_PREFIX_HEADER = YES;
				GCC_PREFIX_HEADER = "FirstClass/FirstClass-Prefix.pch";
				INFOPLIST_FILE = "FirstClass/FirstClass-Info.plist";
				PRODUCT_NAME = "$(TARGET_NAME)";
				WRAPPER_EXTENSION = app;
			};
			name = Release;
		};
/* End XCBuildConfiguration section */

/* Begin XCConfigurationList section */
		EAE89FE7169CE9F20043D033 /* Build configuration list for PBXProject "FirstClass" */ = {
			isa = XCConfigurationList;
			buildConfigurations = (
				EAE8A00F169CE9F30043D033 /* Debug */,
				EAE8A010169CE9F30043D033 /* Release */,
			);
			defaultConfigurationIsVisible = 0;
			defaultConfigurationName = Release;
		};
		EAE8A011169CE9F30043D033 /* Build configuration list for PBXNativeTarget "FirstClass" */ = {
			isa = XCConfigurationList;
			buildConfigurations = (
				EAE8A012169CE9F30043D033 /* Debug */,
				EAE8A013169CE9F30043D033 /* Release */,
			);
			defaultConfigurationIsVisible = 0;
			defaultConfigurationName = Release;
		};
/* End XCConfigurationList section */
	};
	rootObject = EAE89FE4169CE9F20043D033 /* Project object */;
}
